
Microsoft Visual Studio Solution File, Format Version 12.00
# Visual Studio Version 17
VisualStudioVersion = 17.0.32014.148
MinimumVisualStudioVersion = 10.0.40219.1
Project("{9A19103F-16F7-4668-BE54-9A1E7A4F7556}") = "CNLib", "CNLib\CNLib.csproj", "{AE02CFCC-1067-4F93-BDFE-6CFF97A4ADBF}"
EndProject
Project("{9A19103F-16F7-4668-BE54-9A1E7A4F7556}") = "CNLib.ConsoleApp", "CNLib.ConsoleApp\CNLib.ConsoleApp.csproj", "{A75BA50D-65C9-45EA-8BD0-3FA034961357}"
EndProject
Project("{FAE04EC0-301F-11D3-BF4B-00C04F79EFBC}") = "CNLib.Dm", "CNLib.Dm\CNLib.Dm.csproj", "{7CCAC1D2-E186-4B80-ADDF-01720D8FB6E1}"
EndProject
Global
	GlobalSection(SolutionConfigurationPlatforms) = preSolution
		Debug|Any CPU = Debug|Any CPU
		Release|Any CPU = Release|Any CPU
	EndGlobalSection
	GlobalSection(ProjectConfigurationPlatforms) = postSolution
		{AE02CFCC-1067-4F93-BDFE-6CFF97A4ADBF}.Debug|Any CPU.ActiveCfg = Debug|Any CPU
		{AE02CFCC-1067-4F93-BDFE-6CFF97A4ADBF}.Debug|Any CPU.Build.0 = Debug|Any CPU
		{AE02CFCC-1067-4F93-BDFE-6CFF97A4ADBF}.Release|Any CPU.ActiveCfg = Release|Any CPU
		{AE02CFCC-1067-4F93-BDFE-6CFF97A4ADBF}.Release|Any CPU.Build.0 = Release|Any CPU
		{A75BA50D-65C9-45EA-8BD0-3FA034961357}.Debug|Any CPU.ActiveCfg = Debug|Any CPU
		{A75BA50D-65C9-45EA-8BD0-3FA034961357}.Debug|Any CPU.Build.0 = Debug|Any CPU
		{A75BA50D-65C9-45EA-8BD0-3FA034961357}.Release|Any CPU.ActiveCfg = Release|Any CPU
		{A75BA50D-65C9-45EA-8BD0-3FA034961357}.Release|Any CPU.Build.0 = Release|Any CPU
		{7CCAC1D2-E186-4B80-ADDF-01720D8FB6E1}.Debug|Any CPU.ActiveCfg = Debug|Any CPU
		{7CCAC1D2-E186-4B80-ADDF-01720D8FB6E1}.Debug|Any CPU.Build.0 = Debug|Any CPU
		{7CCAC1D2-E186-4B80-ADDF-01720D8FB6E1}.Release|Any CPU.ActiveCfg = Release|Any CPU
		{7CCAC1D2-E186-4B80-ADDF-01720D8FB6E1}.Release|Any CPU.Build.0 = Release|Any CPU
	EndGlobalSection
	GlobalSection(SolutionProperties) = preSolution
		HideSolutionNode = FALSE
	EndGlobalSection
	GlobalSection(ExtensibilityGlobals) = postSolution
		SolutionGuid = {B6F44F97-61B0-4CFA-80F3-D8A96CC8B6A9}
	EndGlobalSection
EndGlobal
